
Microsoft Visual Studio Solution File, Format Version 12.00
# Visual Studio Version 17
VisualStudioVersion = 17.8.34511.84
MinimumVisualStudioVersion = 10.0.40219.1
Project("{9A19103F-16F7-4668-BE54-9A1E7A4F7556}") = "finish12", "finish12.csproj", "{B1DE3F06-0EAC-48FD-83C7-CC2040046F01}"
EndProject
Global
	GlobalSection(SolutionConfigurationPlatforms) = preSolution
		Debug|Any CPU = Debug|Any CPU
		Release|Any CPU = Release|Any CPU
	EndGlobalSection
	GlobalSection(ProjectConfigurationPlatforms) = postSolution
		{B1DE3F06-0EAC-48FD-83C7-CC2040046F01}.Debug|Any CPU.ActiveCfg = Debug|Any CPU
		{B1DE3F06-0EAC-48FD-83C7-CC2040046F01}.Debug|Any CPU.Build.0 = Debug|Any CPU
		{B1DE3F06-0EAC-48FD-83C7-CC2040046F01}.Release|Any CPU.ActiveCfg = Release|Any CPU
		{B1DE3F06-0EAC-48FD-83C7-CC2040046F01}.Release|Any CPU.Build.0 = Release|Any CPU
	EndGlobalSection
	GlobalSection(SolutionProperties) = preSolution
		HideSolutionNode = FALSE
	EndGlobalSection
	GlobalSection(ExtensibilityGlobals) = postSolution
		SolutionGuid = {CA62B68E-B912-43DD-B355-1A737F2205D7}
	EndGlobalSection
EndGlobal
